
Microsoft Visual Studio Solution File, Format Version 12.00
# Visual Studio Version 16
VisualStudioVersion = 16.0.34301.259
MinimumVisualStudioVersion = 10.0.40219.1
Project("{9A19103F-16F7-4668-BE54-9A1E7A4F7556}") = "GestorProdutos", "ConsoleApp3\GestorProdutos.csproj", "{F7239734-7023-4161-90F2-E363DE2C9DFE}"
EndProject
Global
	GlobalSection(SolutionConfigurationPlatforms) = preSolution
		Debug|Any CPU = Debug|Any CPU
		Release|Any CPU = Release|Any CPU
	EndGlobalSection
	GlobalSection(ProjectConfigurationPlatforms) = postSolution
		{F7239734-7023-4161-90F2-E363DE2C9DFE}.Debug|Any CPU.ActiveCfg = Debug|Any CPU
		{F7239734-7023-4161-90F2-E363DE2C9DFE}.Debug|Any CPU.Build.0 = Debug|Any CPU
		{F7239734-7023-4161-90F2-E363DE2C9DFE}.Release|Any CPU.ActiveCfg = Release|Any CPU
		{F7239734-7023-4161-90F2-E363DE2C9DFE}.Release|Any CPU.Build.0 = Release|Any CPU
	EndGlobalSection
	GlobalSection(SolutionProperties) = preSolution
		HideSolutionNode = FALSE
	EndGlobalSection
	GlobalSection(ExtensibilityGlobals) = postSolution
		SolutionGuid = {361DACC3-DF62-4C1F-96CF-6C3E33EE99BA}
	EndGlobalSection
EndGlobal
